<Solution>
  <Configurations>
    <Platform Name="x64" />
    <Platform Name="x86" />
  </Configurations>
  <Project Path="../laboratorio_02/laboratorio_02.vcxproj" Id="61300712-cafd-4eed-9971-128e7224d361" />
  <Project Path="Laboratorio_programacion_C.vcxproj" Id="133d2079-3002-4975-a120-ecc4e7379859" />
</Solution>
